
Microsoft Visual Studio Solution File, Format Version 12.00
# Visual Studio Version 17
VisualStudioVersion = 17.14.36221.1 d17.14
MinimumVisualStudioVersion = 10.0.40219.1
Project("{FAE04EC0-301F-11D3-BF4B-00C04F79EFBC}") = "EVBattery", "PRN212_EV-Battery-Trading-Platform\EVBattery.csproj", "{B6E414F2-05B3-484F-8EAC-4760FE002300}"
EndProject
Global
	GlobalSection(SolutionConfigurationPlatforms) = preSolution
		Debug|Any CPU = Debug|Any CPU
		Release|Any CPU = Release|Any CPU
	EndGlobalSection
	GlobalSection(ProjectConfigurationPlatforms) = postSolution
		{B6E414F2-05B3-484F-8EAC-4760FE002300}.Debug|Any CPU.ActiveCfg = Debug|Any CPU
		{B6E414F2-05B3-484F-8EAC-4760FE002300}.Debug|Any CPU.Build.0 = Debug|Any CPU
		{B6E414F2-05B3-484F-8EAC-4760FE002300}.Release|Any CPU.ActiveCfg = Release|Any CPU
		{B6E414F2-05B3-484F-8EAC-4760FE002300}.Release|Any CPU.Build.0 = Release|Any CPU
	EndGlobalSection
	GlobalSection(SolutionProperties) = preSolution
		HideSolutionNode = FALSE
	EndGlobalSection
	GlobalSection(ExtensibilityGlobals) = postSolution
		SolutionGuid = {EC114909-B27E-4D06-9482-D5E837445095}
	EndGlobalSection
EndGlobal
